
Microsoft Visual Studio Solution File, Format Version 12.00
# Visual Studio 14
VisualStudioVersion = 14.0.24720.0
MinimumVisualStudioVersion = 10.0.40219.1
Project("{FAE04EC0-301F-11D3-BF4B-00C04F79EFBC}") = "ABCBookingManager", "ABCBookingManager\ABCBookingManager.csproj", "{EEAF67FC-C8E8-4913-A1B6-51871CB8B284}"
EndProject
Project("{FAE04EC0-301F-11D3-BF4B-00C04F79EFBC}") = "ABCBookingManagerConsole", "ABCBookingManagerConsole\ABCBookingManagerConsole.csproj", "{A1A0445C-AFBD-4E91-BCAC-616448055ECA}"
EndProject
Project("{FAE04EC0-301F-11D3-BF4B-00C04F79EFBC}") = "ABCBookingManagerUnitTest", "ABCBookingManagerUnitTest\ABCBookingManagerUnitTest.csproj", "{93380E00-010E-45E4-9A69-C46AA794F0D4}"
EndProject
Global
	GlobalSection(SolutionConfigurationPlatforms) = preSolution
		Debug|Any CPU = Debug|Any CPU
		Release|Any CPU = Release|Any CPU
	EndGlobalSection
	GlobalSection(ProjectConfigurationPlatforms) = postSolution
		{EEAF67FC-C8E8-4913-A1B6-51871CB8B284}.Debug|Any CPU.ActiveCfg = Debug|Any CPU
		{EEAF67FC-C8E8-4913-A1B6-51871CB8B284}.Debug|Any CPU.Build.0 = Debug|Any CPU
		{EEAF67FC-C8E8-4913-A1B6-51871CB8B284}.Release|Any CPU.ActiveCfg = Release|Any CPU
		{EEAF67FC-C8E8-4913-A1B6-51871CB8B284}.Release|Any CPU.Build.0 = Release|Any CPU
		{A1A0445C-AFBD-4E91-BCAC-616448055ECA}.Debug|Any CPU.ActiveCfg = Debug|Any CPU
		{A1A0445C-AFBD-4E91-BCAC-616448055ECA}.Debug|Any CPU.Build.0 = Debug|Any CPU
		{A1A0445C-AFBD-4E91-BCAC-616448055ECA}.Release|Any CPU.ActiveCfg = Release|Any CPU
		{A1A0445C-AFBD-4E91-BCAC-616448055ECA}.Release|Any CPU.Build.0 = Release|Any CPU
		{93380E00-010E-45E4-9A69-C46AA794F0D4}.Debug|Any CPU.ActiveCfg = Debug|Any CPU
		{93380E00-010E-45E4-9A69-C46AA794F0D4}.Debug|Any CPU.Build.0 = Debug|Any CPU
		{93380E00-010E-45E4-9A69-C46AA794F0D4}.Release|Any CPU.ActiveCfg = Release|Any CPU
		{93380E00-010E-45E4-9A69-C46AA794F0D4}.Release|Any CPU.Build.0 = Release|Any CPU
	EndGlobalSection
	GlobalSection(SolutionProperties) = preSolution
		HideSolutionNode = FALSE
	EndGlobalSection
EndGlobal
